<?xml version="1.0" encoding="utf-8"?>
<Project ToolsVersion="4.0" xmlns="http://schemas.microsoft.com/developer/msbuild/2003">
  <ItemGroup>
    <Filter Include="Source Files">
      <UniqueIdentifier>{4FC737F1-C7A5-4376-A066-2A32D752A2FF}</UniqueIdentifier>
      <Extensions>cpp;c;cc;cxx;def;odl;idl;hpj;bat;asm;asmx</Extensions>
    </Filter>
    <Filter Include="Header Files">
      <UniqueIdentifier>{93995380-89BD-4b04-88EB-625FBE52EBFB}</UniqueIdentifier>
      <Extensions>h;hh;hpp;hxx;hm;inl;inc;ipp;xsd</Extensions>
    </Filter>
    <Filter Include="Resource Files">
      <UniqueIdentifier>{67DA6AB6-F800-4c08-8B7A-83BB121AAD01}</UniqueIdentifier>
      <Extensions>rc;ico;cur;bmp;dlg;rc2;rct;bin;rgs;gif;jpg;jpeg;jpe;resx;tiff;tif;png;wav;mfcribbon-ms</Extensions>
    </Filter>
    <Filter Include="Source Files\xlive">
      <UniqueIdentifier>{3d8a5acb-6344-4cfa-822f-1bbc613ba831}</UniqueIdentifier>
    </Filter>
    <Filter Include="Source Files\xlln">
      <UniqueIdentifier>{4d77f733-9359-4459-99a1-70e1273da435}</UniqueIdentifier>
    </Filter>
    <Filter Include="Source Files\utils">
      <UniqueIdentifier>{6076c36e-f8b1-481d-99fe-77a80455bfdd}</UniqueIdentifier>
    </Filter>
    <Filter Include="Source Files\third-party">
      <UniqueIdentifier>{e896a5d4-e9a1-4795-8912-abb0125a9532}</UniqueIdentifier>
    </Filter>
    <Filter Include="Source Files\third-party\rapidxml">
      <UniqueIdentifier>{67dc282b-6c8e-45cd-85d0-455c427fbd3c}</UniqueIdentifier>
    </Filter>
  </ItemGroup>
  <ItemGroup>
    <ClCompile Include="dllmain.cpp">
      <Filter>Source Files</Filter>
    </ClCompile>
    <ClCompile Include="xlln\debug-text.cpp">
      <Filter>Source Files\xlln</Filter>
    </ClCompile>
    <ClCompile Include="xlln\xlln.cpp">
      <Filter>Source Files\xlln</Filter>
    </ClCompile>
    <ClCompile Include="xlive\voice.cpp">
      <Filter>Source Files\xlive</Filter>
    </ClCompile>
    <ClCompile Include="xlive\xlive.cpp">
      <Filter>Source Files\xlive</Filter>
    </ClCompile>
    <ClCompile Include="xlive\xlocator.cpp">
      <Filter>Source Files\xlive</Filter>
    </ClCompile>
    <ClCompile Include="xlive\xnet.cpp">
      <Filter>Source Files\xlive</Filter>
    </ClCompile>
    <ClCompile Include="xlive\xnetqos.cpp">
      <Filter>Source Files\xlive</Filter>
    </ClCompile>
    <ClCompile Include="xlive\xrender.cpp">
      <Filter>Source Files\xlive</Filter>
    </ClCompile>
    <ClCompile Include="xlive\xsession.cpp">
      <Filter>Source Files\xlive</Filter>
    </ClCompile>
    <ClCompile Include="xlive\xsocket.cpp">
      <Filter>Source Files\xlive</Filter>
    </ClCompile>
    <ClCompile Include="xlln\rand-name.cpp">
      <Filter>Source Files\xlln</Filter>
    </ClCompile>
    <ClCompile Include="xlive\xshow.cpp">
      <Filter>Source Files\xlive</Filter>
    </ClCompile>
    <ClCompile Include="xlive\net-entity.cpp">
      <Filter>Source Files\xlive</Filter>
    </ClCompile>
    <ClCompile Include="xlive\xwsa.cpp">
      <Filter>Source Files\xlive</Filter>
    </ClCompile>
    <ClCompile Include="xlive\xuser.cpp">
      <Filter>Source Files\xlive</Filter>
    </ClCompile>
    <ClCompile Include="xlive\xstorage.cpp">
      <Filter>Source Files\xlive</Filter>
    </ClCompile>
    <ClCompile Include="xlln\xlln-modules.cpp">
      <Filter>Source Files\xlln</Filter>
    </ClCompile>
    <ClCompile Include="utils\utils.cpp">
      <Filter>Source Files\utils</Filter>
    </ClCompile>
    <ClCompile Include="utils\util-hook.cpp">
      <Filter>Source Files\utils</Filter>
    </ClCompile>
    <ClCompile Include="xlln\xlln-config.cpp">
      <Filter>Source Files\xlln</Filter>
    </ClCompile>
    <ClCompile Include="xlln\wnd-sockets.cpp">
      <Filter>Source Files\xlln</Filter>
    </ClCompile>
    <ClCompile Include="xlln\wnd-connections.cpp">
      <Filter>Source Files\xlln</Filter>
    </ClCompile>
    <ClCompile Include="utils\util-socket.cpp">
      <Filter>Source Files\utils</Filter>
    </ClCompile>
    <ClCompile Include="utils\util-checksum.cpp">
      <Filter>Source Files\utils</Filter>
    </ClCompile>
    <ClCompile Include="utils\sha256.cpp">
      <Filter>Source Files\utils</Filter>
    </ClCompile>
    <ClCompile Include="xlln\xlln-keep-alive.cpp">
      <Filter>Source Files\xlln</Filter>
    </ClCompile>
    <ClCompile Include="xlive\xpresence.cpp">
      <Filter>Source Files\xlive</Filter>
    </ClCompile>
    <ClCompile Include="xlive\xpbuffer.cpp">
      <Filter>Source Files\xlive</Filter>
    </ClCompile>
    <ClCompile Include="xlive\xcontent.cpp">
      <Filter>Source Files\xlive</Filter>
    </ClCompile>
    <ClCompile Include="xlive\xmarketplace.cpp">
      <Filter>Source Files\xlive</Filter>
    </ClCompile>
    <ClCompile Include="xlive\xprotect.cpp">
      <Filter>Source Files\xlive</Filter>
    </ClCompile>
    <ClCompile Include="xlive\xcustom.cpp">
      <Filter>Source Files\xlive</Filter>
    </ClCompile>
    <ClCompile Include="xlive\packet-handler.cpp">
      <Filter>Source Files\xlive</Filter>
    </ClCompile>
    <ClCompile Include="xlive\live-over-lan.cpp">
      <Filter>Source Files\xlive</Filter>
    </ClCompile>
  </ItemGroup>
  <ItemGroup>
    <ClInclude Include="xlln\debug-text.hpp">
      <Filter>Source Files\xlln</Filter>
    </ClInclude>
    <ClInclude Include="xlln\xlln.hpp">
      <Filter>Source Files\xlln</Filter>
    </ClInclude>
    <ClInclude Include="xlive\voice.hpp">
      <Filter>Source Files\xlive</Filter>
    </ClInclude>
    <ClInclude Include="xlive\xdefs.hpp">
      <Filter>Source Files\xlive</Filter>
    </ClInclude>
    <ClInclude Include="xlive\xlive.hpp">
      <Filter>Source Files\xlive</Filter>
    </ClInclude>
    <ClInclude Include="xlive\xlocator.hpp">
      <Filter>Source Files\xlive</Filter>
    </ClInclude>
    <ClInclude Include="xlive\xnet.hpp">
      <Filter>Source Files\xlive</Filter>
    </ClInclude>
    <ClInclude Include="xlive\xrender.hpp">
      <Filter>Source Files\xlive</Filter>
    </ClInclude>
    <ClInclude Include="xlive\xsession.hpp">
      <Filter>Source Files\xlive</Filter>
    </ClInclude>
    <ClInclude Include="xlive\xsocket.hpp">
      <Filter>Source Files\xlive</Filter>
    </ClInclude>
    <ClInclude Include="xlln\rand-name.hpp">
      <Filter>Source Files\xlln</Filter>
    </ClInclude>
    <ClInclude Include="resource.h">
      <Filter>Header Files</Filter>
    </ClInclude>
    <ClInclude Include="xlive\xshow.hpp">
      <Filter>Source Files\xlive</Filter>
    </ClInclude>
    <ClInclude Include="xlive\net-entity.hpp">
      <Filter>Source Files\xlive</Filter>
    </ClInclude>
    <ClInclude Include="xlive\xwsa.hpp">
      <Filter>Source Files\xlive</Filter>
    </ClInclude>
    <ClInclude Include="xlive\xuser.hpp">
      <Filter>Source Files\xlive</Filter>
    </ClInclude>
    <ClInclude Include="xlive\xstorage.hpp">
      <Filter>Source Files\xlive</Filter>
    </ClInclude>
    <ClInclude Include="xlln\xlln-modules.hpp">
      <Filter>Source Files\xlln</Filter>
    </ClInclude>
    <ClInclude Include="dllmain.hpp">
      <Filter>Source Files</Filter>
    </ClInclude>
    <ClInclude Include="utils\utils.hpp">
      <Filter>Source Files\utils</Filter>
    </ClInclude>
    <ClInclude Include="utils\util-hook.hpp">
      <Filter>Source Files\utils</Filter>
    </ClInclude>
    <ClInclude Include="xlln\xlln-config.hpp">
      <Filter>Source Files\xlln</Filter>
    </ClInclude>
    <ClInclude Include="xlln\wnd-sockets.hpp">
      <Filter>Source Files\xlln</Filter>
    </ClInclude>
    <ClInclude Include="xlln\wnd-connections.hpp">
      <Filter>Source Files\xlln</Filter>
    </ClInclude>
    <ClInclude Include="utils\util-socket.hpp">
      <Filter>Source Files\utils</Filter>
    </ClInclude>
    <ClInclude Include="utils\util-checksum.hpp">
      <Filter>Source Files\utils</Filter>
    </ClInclude>
    <ClInclude Include="utils\sha256.hpp">
      <Filter>Source Files\utils</Filter>
    </ClInclude>
    <ClInclude Include="xlln\xlln-keep-alive.hpp">
      <Filter>Source Files\xlln</Filter>
    </ClInclude>
    <ClInclude Include="xlive\xpresence.hpp">
      <Filter>Source Files\xlive</Filter>
    </ClInclude>
    <ClInclude Include="xlive\xpbuffer.hpp">
      <Filter>Source Files\xlive</Filter>
    </ClInclude>
    <ClInclude Include="xlive\xcontent.hpp">
      <Filter>Source Files\xlive</Filter>
    </ClInclude>
    <ClInclude Include="xlive\xmarketplace.hpp">
      <Filter>Source Files\xlive</Filter>
    </ClInclude>
    <ClInclude Include="xlive\xprotect.hpp">
      <Filter>Source Files\xlive</Filter>
    </ClInclude>
    <ClInclude Include="xlive\xcustom.hpp">
      <Filter>Source Files\xlive</Filter>
    </ClInclude>
    <ClInclude Include="third-party\rapidxml\rapidxml.hpp">
      <Filter>Source Files\third-party\rapidxml</Filter>
    </ClInclude>
    <ClInclude Include="third-party\rapidxml\rapidxml_iterators.hpp">
      <Filter>Source Files\third-party\rapidxml</Filter>
    </ClInclude>
    <ClInclude Include="third-party\rapidxml\rapidxml_print.hpp">
      <Filter>Source Files\third-party\rapidxml</Filter>
    </ClInclude>
    <ClInclude Include="third-party\rapidxml\rapidxml_utils.hpp">
      <Filter>Source Files\third-party\rapidxml</Filter>
    </ClInclude>
    <ClInclude Include="xlive\packet-handler.hpp">
      <Filter>Source Files\xlive</Filter>
    </ClInclude>
    <ClInclude Include="xlive\live-over-lan.hpp">
      <Filter>Source Files\xlive</Filter>
    </ClInclude>
  </ItemGroup>
  <ItemGroup>
    <None Include="xlive_exports.def">
      <Filter>Source Files</Filter>
    </None>
  </ItemGroup>
  <ItemGroup>
    <ResourceCompile Include="xlive.rc">
      <Filter>Resource Files</Filter>
    </ResourceCompile>
  </ItemGroup>
</Project>